// !$*UTF8*$!
{
	archiveVersion = 1;
	classes = {
	};
	objectVersion = 46;
	objects = {

/* Begin PBXBuildFile section */
		192BDA5B1BF7D04D0002B1BA /* AppDelegate.swift in Sources */ = {isa = PBXBuildFile; fileRef = 192BDA5A1BF7D04D0002B1BA /* AppDelegate.swift */; };
		192BDA5D1BF7D04D0002B1BA /* ViewController.swift in Sources */ = {isa = PBXBuildFile; fileRef = 192BDA5C1BF7D04D0002B1BA /* ViewController.swift */; };
		192BDA601BF7D04D0002B1BA /* Main.storyboard in Resources */ = {isa = PBXBuildFile; fileRef = 192BDA5E1BF7D04D0002B1BA /* Main.storyboard */; };
		192BDA621BF7D04D0002B1BA /* Assets.xcassets in Resources */ = {isa = PBXBuildFile; fileRef = 192BDA611BF7D04D0002B1BA /* Assets.xcassets */; };
		192BDA651BF7D04D0002B1BA /* LaunchScreen.storyboard in Resources */ = {isa = PBXBuildFile; fileRef = 192BDA631BF7D04D0002B1BA /* LaunchScreen.storyboard */; };
		192BDA6A1BF7D04D0002B1BA /* WiseBiteSwift WatchKit App.app in Embed Watch Content */ = {isa = PBXBuildFile; fileRef = 192BDA691BF7D04D0002B1BA /* WiseBiteSwift WatchKit App.app */; };
		192BDA701BF7D04D0002B1BA /* Interface.storyboard in Resources */ = {isa = PBXBuildFile; fileRef = 192BDA6E1BF7D04D0002B1BA /* Interface.storyboard */; };
		192BDA721BF7D04E0002B1BA /* Assets.xcassets in Resources */ = {isa = PBXBuildFile; fileRef = 192BDA711BF7D04E0002B1BA /* Assets.xcassets */; };
		192BDA791BF7D04E0002B1BA /* WiseBiteSwift WatchKit Extension.appex in Embed App Extensions */ = {isa = PBXBuildFile; fileRef = 192BDA781BF7D04E0002B1BA /* WiseBiteSwift WatchKit Extension.appex */; settings = {ATTRIBUTES = (RemoveHeadersOnCopy, ); }; };
		192BDA7E1BF7D04E0002B1BA /* InterfaceController.swift in Sources */ = {isa = PBXBuildFile; fileRef = 192BDA7D1BF7D04E0002B1BA /* InterfaceController.swift */; };
		192BDA801BF7D04E0002B1BA /* ExtensionDelegate.swift in Sources */ = {isa = PBXBuildFile; fileRef = 192BDA7F1BF7D04E0002B1BA /* ExtensionDelegate.swift */; };
		192BDA821BF7D04E0002B1BA /* Assets.xcassets in Resources */ = {isa = PBXBuildFile; fileRef = 192BDA811BF7D04E0002B1BA /* Assets.xcassets */; };
		192BDA921BF7D2560002B1BA /* Search.swift in Sources */ = {isa = PBXBuildFile; fileRef = 192BDA911BF7D2560002B1BA /* Search.swift */; };
		192BDA941BF7D4F20002B1BA /* SearchController.storyboard in Resources */ = {isa = PBXBuildFile; fileRef = 192BDA931BF7D4F20002B1BA /* SearchController.storyboard */; };
		192BDA9E1BF7F0200002B1BA /* ItemRowController.swift in Sources */ = {isa = PBXBuildFile; fileRef = 192BDA9D1BF7F0200002B1BA /* ItemRowController.swift */; };
		19F31F4E1BF823A70088E193 /* ReportController.swift in Sources */ = {isa = PBXBuildFile; fileRef = 19F31F4D1BF823A70088E193 /* ReportController.swift */; };
		19F31F501BF823BC0088E193 /* Report.storyboard in Resources */ = {isa = PBXBuildFile; fileRef = 19F31F4F1BF823BC0088E193 /* Report.storyboard */; };
		19F31F521BF826E40088E193 /* ReportMultiController.swift in Sources */ = {isa = PBXBuildFile; fileRef = 19F31F511BF826E40088E193 /* ReportMultiController.swift */; };
		19F31F541BF827240088E193 /* ReportMulti.storyboard in Resources */ = {isa = PBXBuildFile; fileRef = 19F31F531BF827240088E193 /* ReportMulti.storyboard */; };
/* End PBXBuildFile section */

/* Begin PBXContainerItemProxy section */
		192BDA6B1BF7D04D0002B1BA /* PBXContainerItemProxy */ = {
			isa = PBXContainerItemProxy;
			containerPortal = 192BDA4F1BF7D04D0002B1BA /* Project object */;
			proxyType = 1;
			remoteGlobalIDString = 192BDA681BF7D04D0002B1BA;
			remoteInfo = "WiseBiteSwift WatchKit App";
		};
		192BDA7A1BF7D04E0002B1BA /* PBXContainerItemProxy */ = {
			isa = PBXContainerItemProxy;
			containerPortal = 192BDA4F1BF7D04D0002B1BA /* Project object */;
			proxyType = 1;
			remoteGlobalIDString = 192BDA771BF7D04E0002B1BA;
			remoteInfo = "WiseBiteSwift WatchKit Extension";
		};
/* End PBXContainerItemProxy section */

/* Begin PBXCopyFilesBuildPhase section */
		192BDA891BF7D04E0002B1BA /* Embed App Extensions */ = {
			isa = PBXCopyFilesBuildPhase;
			buildActionMask = 2147483647;
			dstPath = "";
			dstSubfolderSpec = 13;
			files = (
				192BDA791BF7D04E0002B1BA /* WiseBiteSwift WatchKit Extension.appex in Embed App Extensions */,
			);
			name = "Embed App Extensions";
			runOnlyForDeploymentPostprocessing = 0;
		};
		192BDA8D1BF7D04E0002B1BA /* Embed Watch Content */ = {
			isa = PBXCopyFilesBuildPhase;
			buildActionMask = 2147483647;
			dstPath = "$(CONTENTS_FOLDER_PATH)/Watch";
			dstSubfolderSpec = 16;
			files = (
				192BDA6A1BF7D04D0002B1BA /* WiseBiteSwift WatchKit App.app in Embed Watch Content */,
			);
			name = "Embed Watch Content";
			runOnlyForDeploymentPostprocessing = 0;
		};
/* End PBXCopyFilesBuildPhase section */

/* Begin PBXFileReference section */
		192BDA571BF7D04D0002B1BA /* WiseBiteSwift.app */ = {isa = PBXFileReference; explicitFileType = wrapper.application; includeInIndex = 0; path = WiseBiteSwift.app; sourceTree = BUILT_PRODUCTS_DIR; };
		192BDA5A1BF7D04D0002B1BA /* AppDelegate.swift */ = {isa = PBXFileReference; lastKnownFileType = sourcecode.swift; path = AppDelegate.swift; sourceTree = "<group>"; };
		192BDA5C1BF7D04D0002B1BA /* ViewController.swift */ = {isa = PBXFileReference; lastKnownFileType = sourcecode.swift; path = ViewController.swift; sourceTree = "<group>"; };
		192BDA5F1BF7D04D0002B1BA /* Base */ = {isa = PBXFileReference; lastKnownFileType = file.storyboard; name = Base; path = Base.lproj/Main.storyboard; sourceTree = "<group>"; };
		192BDA611BF7D04D0002B1BA /* Assets.xcassets */ = {isa = PBXFileReference; lastKnownFileType = folder.assetcatalog; path = Assets.xcassets; sourceTree = "<group>"; };
		192BDA641BF7D04D0002B1BA /* Base */ = {isa = PBXFileReference; lastKnownFileType = file.storyboard; name = Base; path = Base.lproj/LaunchScreen.storyboard; sourceTree = "<group>"; };
		192BDA661BF7D04D0002B1BA /* Info.plist */ = {isa = PBXFileReference; lastKnownFileType = text.plist.xml; path = Info.plist; sourceTree = "<group>"; };
		192BDA691BF7D04D0002B1BA /* WiseBiteSwift WatchKit App.app */ = {isa = PBXFileReference; explicitFileType = wrapper.application; includeInIndex = 0; path = "WiseBiteSwift WatchKit App.app"; sourceTree = BUILT_PRODUCTS_DIR; };
		192BDA6F1BF7D04D0002B1BA /* Base */ = {isa = PBXFileReference; lastKnownFileType = file.storyboard; name = Base; path = Base.lproj/Interface.storyboard; sourceTree = "<group>"; };
		192BDA711BF7D04E0002B1BA /* Assets.xcassets */ = {isa = PBXFileReference; lastKnownFileType = folder.assetcatalog; path = Assets.xcassets; sourceTree = "<group>"; };
		192BDA731BF7D04E0002B1BA /* Info.plist */ = {isa = PBXFileReference; lastKnownFileType = text.plist.xml; path = Info.plist; sourceTree = "<group>"; };
		192BDA781BF7D04E0002B1BA /* WiseBiteSwift WatchKit Extension.appex */ = {isa = PBXFileReference; explicitFileType = "wrapper.app-extension"; includeInIndex = 0; path = "WiseBiteSwift WatchKit Extension.appex"; sourceTree = BUILT_PRODUCTS_DIR; };
		192BDA7D1BF7D04E0002B1BA /* InterfaceController.swift */ = {isa = PBXFileReference; lastKnownFileType = sourcecode.swift; path = InterfaceController.swift; sourceTree = "<group>"; };
		192BDA7F1BF7D04E0002B1BA /* ExtensionDelegate.swift */ = {isa = PBXFileReference; lastKnownFileType = sourcecode.swift; path = ExtensionDelegate.swift; sourceTree = "<group>"; };
		192BDA811BF7D04E0002B1BA /* Assets.xcassets */ = {isa = PBXFileReference; lastKnownFileType = folder.assetcatalog; path = Assets.xcassets; sourceTree = "<group>"; };
		192BDA831BF7D04E0002B1BA /* Info.plist */ = {isa = PBXFileReference; lastKnownFileType = text.plist.xml; path = Info.plist; sourceTree = "<group>"; };
		192BDA911BF7D2560002B1BA /* Search.swift */ = {isa = PBXFileReference; fileEncoding = 4; lastKnownFileType = sourcecode.swift; path = Search.swift; sourceTree = "<group>"; };
		192BDA931BF7D4F20002B1BA /* SearchController.storyboard */ = {isa = PBXFileReference; fileEncoding = 4; lastKnownFileType = file.storyboard; path = SearchController.storyboard; sourceTree = "<group>"; };
		192BDA9D1BF7F0200002B1BA /* ItemRowController.swift */ = {isa = PBXFileReference; fileEncoding = 4; lastKnownFileType = sourcecode.swift; path = ItemRowController.swift; sourceTree = "<group>"; };
		19F31F4D1BF823A70088E193 /* ReportController.swift */ = {isa = PBXFileReference; fileEncoding = 4; lastKnownFileType = sourcecode.swift; path = ReportController.swift; sourceTree = "<group>"; };
		19F31F4F1BF823BC0088E193 /* Report.storyboard */ = {isa = PBXFileReference; fileEncoding = 4; lastKnownFileType = file.storyboard; path = Report.storyboard; sourceTree = "<group>"; };
		19F31F511BF826E40088E193 /* ReportMultiController.swift */ = {isa = PBXFileReference; fileEncoding = 4; lastKnownFileType = sourcecode.swift; path = ReportMultiController.swift; sourceTree = "<group>"; };
		19F31F531BF827240088E193 /* ReportMulti.storyboard */ = {isa = PBXFileReference; fileEncoding = 4; lastKnownFileType = file.storyboard; path = ReportMulti.storyboard; sourceTree = "<group>"; };
/* End PBXFileReference section */

/* Begin PBXFrameworksBuildPhase section */
		192BDA541BF7D04D0002B1BA /* Frameworks */ = {
			isa = PBXFrameworksBuildPhase;
			buildActionMask = 2147483647;
			files = (
			);
			runOnlyForDeploymentPostprocessing = 0;
		};
		192BDA751BF7D04E0002B1BA /* Frameworks */ = {
			isa = PBXFrameworksBuildPhase;
			buildActionMask = 2147483647;
			files = (
			);
			runOnlyForDeploymentPostprocessing = 0;
		};
/* End PBXFrameworksBuildPhase section */

/* Begin PBXGroup section */
		192BDA4E1BF7D04D0002B1BA = {
			isa = PBXGroup;
			children = (
				192BDA591BF7D04D0002B1BA /* WiseBiteSwift */,
				192BDA6D1BF7D04D0002B1BA /* WiseBiteSwift WatchKit App */,
				192BDA7C1BF7D04E0002B1BA /* WiseBiteSwift WatchKit Extension */,
				192BDA581BF7D04D0002B1BA /* Products */,
			);
			sourceTree = "<group>";
		};
		192BDA581BF7D04D0002B1BA /* Products */ = {
			isa = PBXGroup;
			children = (
				192BDA571BF7D04D0002B1BA /* WiseBiteSwift.app */,
				192BDA691BF7D04D0002B1BA /* WiseBiteSwift WatchKit App.app */,
				192BDA781BF7D04E0002B1BA /* WiseBiteSwift WatchKit Extension.appex */,
			);
			name = Products;
			sourceTree = "<group>";
		};
		192BDA591BF7D04D0002B1BA /* WiseBiteSwift */ = {
			isa = PBXGroup;
			children = (
				192BDA5A1BF7D04D0002B1BA /* AppDelegate.swift */,
				192BDA5C1BF7D04D0002B1BA /* ViewController.swift */,
				192BDA5E1BF7D04D0002B1BA /* Main.storyboard */,
				192BDA611BF7D04D0002B1BA /* Assets.xcassets */,
				192BDA631BF7D04D0002B1BA /* LaunchScreen.storyboard */,
				192BDA661BF7D04D0002B1BA /* Info.plist */,
			);
			path = WiseBiteSwift;
			sourceTree = "<group>";
		};
		192BDA6D1BF7D04D0002B1BA /* WiseBiteSwift WatchKit App */ = {
			isa = PBXGroup;
			children = (
				192BDA931BF7D4F20002B1BA /* SearchController.storyboard */,
				192BDA6E1BF7D04D0002B1BA /* Interface.storyboard */,
				19F31F4F1BF823BC0088E193 /* Report.storyboard */,
				19F31F531BF827240088E193 /* ReportMulti.storyboard */,
				192BDA711BF7D04E0002B1BA /* Assets.xcassets */,
				192BDA731BF7D04E0002B1BA /* Info.plist */,
			);
			path = "WiseBiteSwift WatchKit App";
			sourceTree = "<group>";
		};
		192BDA7C1BF7D04E0002B1BA /* WiseBiteSwift WatchKit Extension */ = {
			isa = PBXGroup;
			children = (
				192BDA9D1BF7F0200002B1BA /* ItemRowController.swift */,
				192BDA911BF7D2560002B1BA /* Search.swift */,
				192BDA7D1BF7D04E0002B1BA /* InterfaceController.swift */,
				192BDA7F1BF7D04E0002B1BA /* ExtensionDelegate.swift */,
				19F31F4D1BF823A70088E193 /* ReportController.swift */,
				19F31F511BF826E40088E193 /* ReportMultiController.swift */,
				192BDA811BF7D04E0002B1BA /* Assets.xcassets */,
				192BDA831BF7D04E0002B1BA /* Info.plist */,
			);
			path = "WiseBiteSwift WatchKit Extension";
			sourceTree = "<group>";
		};
/* End PBXGroup section */

/* Begin PBXNativeTarget section */
		192BDA561BF7D04D0002B1BA /* WiseBiteSwift */ = {
			isa = PBXNativeTarget;
			buildConfigurationList = 192BDA8E1BF7D04E0002B1BA /* Build configuration list for PBXNativeTarget "WiseBiteSwift" */;
			buildPhases = (
				192BDA531BF7D04D0002B1BA /* Sources */,
				192BDA541BF7D04D0002B1BA /* Frameworks */,
				192BDA551BF7D04D0002B1BA /* Resources */,
				192BDA8D1BF7D04E0002B1BA /* Embed Watch Content */,
			);
			buildRules = (
			);
			dependencies = (
				192BDA6C1BF7D04D0002B1BA /* PBXTargetDependency */,
			);
			name = WiseBiteSwift;
			productName = WiseBiteSwift;
			productReference = 192BDA571BF7D04D0002B1BA /* WiseBiteSwift.app */;
			productType = "com.apple.product-type.application";
		};
		192BDA681BF7D04D0002B1BA /* WiseBiteSwift WatchKit App */ = {
			isa = PBXNativeTarget;
			buildConfigurationList = 192BDA8A1BF7D04E0002B1BA /* Build configuration list for PBXNativeTarget "WiseBiteSwift WatchKit App" */;
			buildPhases = (
				192BDA671BF7D04D0002B1BA /* Resources */,
				192BDA891BF7D04E0002B1BA /* Embed App Extensions */,
			);
			buildRules = (
			);
			dependencies = (
				192BDA7B1BF7D04E0002B1BA /* PBXTargetDependency */,
			);
			name = "WiseBiteSwift WatchKit App";
			productName = "WiseBiteSwift WatchKit App";
			productReference = 192BDA691BF7D04D0002B1BA /* WiseBiteSwift WatchKit App.app */;
			productType = "com.apple.product-type.application.watchapp2";
		};
		192BDA771BF7D04E0002B1BA /* WiseBiteSwift WatchKit Extension */ = {
			isa = PBXNativeTarget;
			buildConfigurationList = 192BDA861BF7D04E0002B1BA /* Build configuration list for PBXNativeTarget "WiseBiteSwift WatchKit Extension" */;
			buildPhases = (
				192BDA741BF7D04E0002B1BA /* Sources */,
				192BDA751BF7D04E0002B1BA /* Frameworks */,
				192BDA761BF7D04E0002B1BA /* Resources */,
			);
			buildRules = (
			);
			dependencies = (
			);
			name = "WiseBiteSwift WatchKit Extension";
			productName = "WiseBiteSwift WatchKit Extension";
			productReference = 192BDA781BF7D04E0002B1BA /* WiseBiteSwift WatchKit Extension.appex */;
			productType = "com.apple.product-type.watchkit2-extension";
		};
/* End PBXNativeTarget section */

/* Begin PBXProject section */
		192BDA4F1BF7D04D0002B1BA /* Project object */ = {
			isa = PBXProject;
			attributes = {
				LastSwiftUpdateCheck = 0710;
				LastUpgradeCheck = 0710;
				ORGANIZATIONNAME = USC;
				TargetAttributes = {
					192BDA561BF7D04D0002B1BA = {
						CreatedOnToolsVersion = 7.1.1;
						DevelopmentTeam = X66DCZDHRD;
					};
					192BDA681BF7D04D0002B1BA = {
						CreatedOnToolsVersion = 7.1.1;
						DevelopmentTeam = X66DCZDHRD;
					};
					192BDA771BF7D04E0002B1BA = {
						CreatedOnToolsVersion = 7.1.1;
						DevelopmentTeam = X66DCZDHRD;
					};
				};
			};
			buildConfigurationList = 192BDA521BF7D04D0002B1BA /* Build configuration list for PBXProject "WiseBiteSwift" */;
			compatibilityVersion = "Xcode 3.2";
			developmentRegion = English;
			hasScannedForEncodings = 0;
			knownRegions = (
				en,
				Base,
			);
			mainGroup = 192BDA4E1BF7D04D0002B1BA;
			productRefGroup = 192BDA581BF7D04D0002B1BA /* Products */;
			projectDirPath = "";
			projectRoot = "";
			targets = (
				192BDA561BF7D04D0002B1BA /* WiseBiteSwift */,
				192BDA681BF7D04D0002B1BA /* WiseBiteSwift WatchKit App */,
				192BDA771BF7D04E0002B1BA /* WiseBiteSwift WatchKit Extension */,
			);
		};
/* End PBXProject section */

/* Begin PBXResourcesBuildPhase section */
		192BDA551BF7D04D0002B1BA /* Resources */ = {
			isa = PBXResourcesBuildPhase;
			buildActionMask = 2147483647;
			files = (
				192BDA651BF7D04D0002B1BA /* LaunchScreen.storyboard in Resources */,
				192BDA621BF7D04D0002B1BA /* Assets.xcassets in Resources */,
				192BDA601BF7D04D0002B1BA /* Main.storyboard in Resources */,
			);
			runOnlyForDeploymentPostprocessing = 0;
		};
		192BDA671BF7D04D0002B1BA /* Resources */ = {
			isa = PBXResourcesBuildPhase;
			buildActionMask = 2147483647;
			files = (
				19F31F541BF827240088E193 /* ReportMulti.storyboard in Resources */,
				19F31F501BF823BC0088E193 /* Report.storyboard in Resources */,
				192BDA941BF7D4F20002B1BA /* SearchController.storyboard in Resources */,
				192BDA721BF7D04E0002B1BA /* Assets.xcassets in Resources */,
				192BDA701BF7D04D0002B1BA /* Interface.storyboard in Resources */,
			);
			runOnlyForDeploymentPostprocessing = 0;
		};
		192BDA761BF7D04E0002B1BA /* Resources */ = {
			isa = PBXResourcesBuildPhase;
			buildActionMask = 2147483647;
			files = (
				192BDA821BF7D04E0002B1BA /* Assets.xcassets in Resources */,
			);
			runOnlyForDeploymentPostprocessing = 0;
		};
/* End PBXResourcesBuildPhase section */

/* Begin PBXSourcesBuildPhase section */
		192BDA531BF7D04D0002B1BA /* Sources */ = {
			isa = PBXSourcesBuildPhase;
			buildActionMask = 2147483647;
			files = (
				192BDA5D1BF7D04D0002B1BA /* ViewController.swift in Sources */,
				192BDA5B1BF7D04D0002B1BA /* AppDelegate.swift in Sources */,
			);
			runOnlyForDeploymentPostprocessing = 0;
		};
		192BDA741BF7D04E0002B1BA /* Sources */ = {
			isa = PBXSourcesBuildPhase;
			buildActionMask = 2147483647;
			files = (
				192BDA921BF7D2560002B1BA /* Search.swift in Sources */,
				19F31F521BF826E40088E193 /* ReportMultiController.swift in Sources */,
				192BDA9E1BF7F0200002B1BA /* ItemRowController.swift in Sources */,
				192BDA801BF7D04E0002B1BA /* ExtensionDelegate.swift in Sources */,
				192BDA7E1BF7D04E0002B1BA /* InterfaceController.swift in Sources */,
				19F31F4E1BF823A70088E193 /* ReportController.swift in Sources */,
			);
			runOnlyForDeploymentPostprocessing = 0;
		};
/* End PBXSourcesBuildPhase section */

/* Begin PBXTargetDependency section */
		192BDA6C1BF7D04D0002B1BA /* PBXTargetDependency */ = {
			isa = PBXTargetDependency;
			target = 192BDA681BF7D04D0002B1BA /* WiseBiteSwift WatchKit App */;
			targetProxy = 192BDA6B1BF7D04D0002B1BA /* PBXContainerItemProxy */;
		};
		192BDA7B1BF7D04E0002B1BA /* PBXTargetDependency */ = {
			isa = PBXTargetDependency;
			target = 192BDA771BF7D04E0002B1BA /* WiseBiteSwift WatchKit Extension */;
			targetProxy = 192BDA7A1BF7D04E0002B1BA /* PBXContainerItemProxy */;
		};
/* End PBXTargetDependency section */

/* Begin PBXVariantGroup section */
		192BDA5E1BF7D04D0002B1BA /* Main.storyboard */ = {
			isa = PBXVariantGroup;
			children = (
				192BDA5F1BF7D04D0002B1BA /* Base */,
			);
			name = Main.storyboard;
			sourceTree = "<group>";
		};
		192BDA631BF7D04D0002B1BA /* LaunchScreen.storyboard */ = {
			isa = PBXVariantGroup;
			children = (
				192BDA641BF7D04D0002B1BA /* Base */,
			);
			name = LaunchScreen.storyboard;
			sourceTree = "<group>";
		};
		192BDA6E1BF7D04D0002B1BA /* Interface.storyboard */ = {
			isa = PBXVariantGroup;
			children = (
				192BDA6F1BF7D04D0002B1BA /* Base */,
			);
			name = Interface.storyboard;
			sourceTree = "<group>";
		};
/* End PBXVariantGroup section */

/* Begin XCBuildConfiguration section */
		192BDA841BF7D04E0002B1BA /* Debug */ = {
			isa = XCBuildConfiguration;
			buildSettings = {
				ALWAYS_SEARCH_USER_PATHS = NO;
				CLANG_CXX_LANGUAGE_STANDARD = "gnu++0x";
				CLANG_CXX_LIBRARY = "libc++";
				CLANG_ENABLE_MODULES = YES;
				CLANG_ENABLE_OBJC_ARC = YES;
				CLANG_WARN_BOOL_CONVERSION = YES;
				CLANG_WARN_CONSTANT_CONVERSION = YES;
				CLANG_WARN_DIRECT_OBJC_ISA_USAGE = YES_ERROR;
				CLANG_WARN_EMPTY_BODY = YES;
				CLANG_WARN_ENUM_CONVERSION = YES;
				CLANG_WARN_INT_CONVERSION = YES;
				CLANG_WARN_OBJC_ROOT_CLASS = YES_ERROR;
				CLANG_WARN_UNREACHABLE_CODE = YES;
				CLANG_WARN__DUPLICATE_METHOD_MATCH = YES;
				"CODE_SIGN_IDENTITY[sdk=iphoneos*]" = "iPhone Developer";
				COPY_PHASE_STRIP = NO;
				DEBUG_INFORMATION_FORMAT = dwarf;
				ENABLE_STRICT_OBJC_MSGSEND = YES;
				ENABLE_TESTABILITY = YES;
				GCC_C_LANGUAGE_STANDARD = gnu99;
				GCC_DYNAMIC_NO_PIC = NO;
				GCC_NO_COMMON_BLOCKS = YES;
				GCC_OPTIMIZATION_LEVEL = 0;
				GCC_PREPROCESSOR_DEFINITIONS = (
					"DEBUG=1",
					"$(inherited)",
				);
				GCC_WARN_64_TO_32_BIT_CONVERSION = YES;
				GCC_WARN_ABOUT_RETURN_TYPE = YES_ERROR;
				GCC_WARN_UNDECLARED_SELECTOR = YES;
				GCC_WARN_UNINITIALIZED_AUTOS = YES_AGGRESSIVE;
				GCC_WARN_UNUSED_FUNCTION = YES;
				GCC_WARN_UNUSED_VARIABLE = YES;
				IPHONEOS_DEPLOYMENT_TARGET = 9.1;
				MTL_ENABLE_DEBUG_INFO = YES;
				ONLY_ACTIVE_ARCH = YES;
				SDKROOT = iphoneos;
				SWIFT_OPTIMIZATION_LEVEL = "-Onone";
			};
			name = Debug;
		};
		192BDA851BF7D04E0002B1BA /* Release */ = {
			isa = XCBuildConfiguration;
			buildSettings = {
				ALWAYS_SEARCH_USER_PATHS = NO;
				CLANG_CXX_LANGUAGE_STANDARD = "gnu++0x";
				CLANG_CXX_LIBRARY = "libc++";
				CLANG_ENABLE_MODULES = YES;
				CLANG_ENABLE_OBJC_ARC = YES;
				CLANG_WARN_BOOL_CONVERSION = YES;
				CLANG_WARN_CONSTANT_CONVERSION = YES;
				CLANG_WARN_DIRECT_OBJC_ISA_USAGE = YES_ERROR;
				CLANG_WARN_EMPTY_BODY = YES;
				CLANG_WARN_ENUM_CONVERSION = YES;
				CLANG_WARN_INT_CONVERSION = YES;
				CLANG_WARN_OBJC_ROOT_CLASS = YES_ERROR;
				CLANG_WARN_UNREACHABLE_CODE = YES;
				CLANG_WARN__DUPLICATE_METHOD_MATCH = YES;
				"CODE_SIGN_IDENTITY[sdk=iphoneos*]" = "iPhone Developer";
				COPY_PHASE_STRIP = NO;
				DEBUG_INFORMATION_FORMAT = "dwarf-with-dsym";
				ENABLE_NS_ASSERTIONS = NO;
				ENABLE_STRICT_OBJC_MSGSEND = YES;
				GCC_C_LANGUAGE_STANDARD = gnu99;
				GCC_NO_COMMON_BLOCKS = YES;
				GCC_WARN_64_TO_32_BIT_CONVERSION = YES;
				GCC_WARN_ABOUT_RETURN_TYPE = YES_ERROR;
				GCC_WARN_UNDECLARED_SELECTOR = YES;
				GCC_WARN_UNINITIALIZED_AUTOS = YES_AGGRESSIVE;
				GCC_WARN_UNUSED_FUNCTION = YES;
				GCC_WARN_UNUSED_VARIABLE = YES;
				IPHONEOS_DEPLOYMENT_TARGET = 9.1;
				MTL_ENABLE_DEBUG_INFO = NO;
				SDKROOT = iphoneos;
				VALIDATE_PRODUCT = YES;
			};
			name = Release;
		};
		192BDA871BF7D04E0002B1BA /* Debug */ = {
			isa = XCBuildConfiguration;
			buildSettings = {
				INFOPLIST_FILE = "WiseBiteSwift WatchKit Extension/Info.plist";
				LD_RUNPATH_SEARCH_PATHS = "$(inherited) @executable_path/Frameworks @executable_path/../../Frameworks";
				PRODUCT_BUNDLE_IDENTIFIER = usc.hacksc.WiseBiteSwift.watchkitapp.watchkitextension;
				PRODUCT_NAME = "${TARGET_NAME}";
				SDKROOT = watchos;
				SKIP_INSTALL = YES;
				TARGETED_DEVICE_FAMILY = 4;
				WATCHOS_DEPLOYMENT_TARGET = 2.0;
			};
			name = Debug;
		};
		192BDA881BF7D04E0002B1BA /* Release */ = {
			isa = XCBuildConfiguration;
			buildSettings = {
				INFOPLIST_FILE = "WiseBiteSwift WatchKit Extension/Info.plist";
				LD_RUNPATH_SEARCH_PATHS = "$(inherited) @executable_path/Frameworks @executable_path/../../Frameworks";
				PRODUCT_BUNDLE_IDENTIFIER = usc.hacksc.WiseBiteSwift.watchkitapp.watchkitextension;
				PRODUCT_NAME = "${TARGET_NAME}";
				SDKROOT = watchos;
				SKIP_INSTALL = YES;
				TARGETED_DEVICE_FAMILY = 4;
				WATCHOS_DEPLOYMENT_TARGET = 2.0;
			};
			name = Release;
		};
		192BDA8B1BF7D04E0002B1BA /* Debug */ = {
			isa = XCBuildConfiguration;
			buildSettings = {
				ASSETCATALOG_COMPILER_APPICON_NAME = AppIcon;
				EMBEDDED_CONTENT_CONTAINS_SWIFT = YES;
				IBSC_MODULE = WiseBiteSwift_WatchKit_Extension;
				INFOPLIST_FILE = "WiseBiteSwift WatchKit App/Info.plist";
				PRODUCT_BUNDLE_IDENTIFIER = usc.hacksc.WiseBiteSwift.watchkitapp;
				PRODUCT_NAME = "$(TARGET_NAME)";
				SDKROOT = watchos;
				SKIP_INSTALL = YES;
				TARGETED_DEVICE_FAMILY = 4;
				WATCHOS_DEPLOYMENT_TARGET = 2.0;
			};
			name = Debug;
		};
		192BDA8C1BF7D04E0002B1BA /* Release */ = {
			isa = XCBuildConfiguration;
			buildSettings = {
				ASSETCATALOG_COMPILER_APPICON_NAME = AppIcon;
				EMBEDDED_CONTENT_CONTAINS_SWIFT = YES;
				IBSC_MODULE = WiseBiteSwift_WatchKit_Extension;
				INFOPLIST_FILE = "WiseBiteSwift WatchKit App/Info.plist";
				PRODUCT_BUNDLE_IDENTIFIER = usc.hacksc.WiseBiteSwift.watchkitapp;
				PRODUCT_NAME = "$(TARGET_NAME)";
				SDKROOT = watchos;
				SKIP_INSTALL = YES;
				TARGETED_DEVICE_FAMILY = 4;
				WATCHOS_DEPLOYMENT_TARGET = 2.0;
			};
			name = Release;
		};
		192BDA8F1BF7D04E0002B1BA /* Debug */ = {
			isa = XCBuildConfiguration;
			buildSettings = {
				ASSETCATALOG_COMPILER_APPICON_NAME = AppIcon;
				INFOPLIST_FILE = WiseBiteSwift/Info.plist;
				LD_RUNPATH_SEARCH_PATHS = "$(inherited) @executable_path/Frameworks";
				PRODUCT_BUNDLE_IDENTIFIER = usc.hacksc.WiseBiteSwift;
				PRODUCT_NAME = "$(TARGET_NAME)";
			};
			name = Debug;
		};
		192BDA901BF7D04E0002B1BA /* Release */ = {
			isa = XCBuildConfiguration;
			buildSettings = {
				ASSETCATALOG_COMPILER_APPICON_NAME = AppIcon;
				INFOPLIST_FILE = WiseBiteSwift/Info.plist;
				LD_RUNPATH_SEARCH_PATHS = "$(inherited) @executable_path/Frameworks";
				PRODUCT_BUNDLE_IDENTIFIER = usc.hacksc.WiseBiteSwift;
				PRODUCT_NAME = "$(TARGET_NAME)";
			};
			name = Release;
		};
/* End XCBuildConfiguration section */

/* Begin XCConfigurationList section */
		192BDA521BF7D04D0002B1BA /* Build configuration list for PBXProject "WiseBiteSwift" */ = {
			isa = XCConfigurationList;
			buildConfigurations = (
				192BDA841BF7D04E0002B1BA /* Debug */,
				192BDA851BF7D04E0002B1BA /* Release */,
			);
			defaultConfigurationIsVisible = 0;
			defaultConfigurationName = Release;
		};
		192BDA861BF7D04E0002B1BA /* Build configuration list for PBXNativeTarget "WiseBiteSwift WatchKit Extension" */ = {
			isa = XCConfigurationList;
			buildConfigurations = (
				192BDA871BF7D04E0002B1BA /* Debug */,
				192BDA881BF7D04E0002B1BA /* Release */,
			);
			defaultConfigurationIsVisible = 0;
			defaultConfigurationName = Release;
		};
		192BDA8A1BF7D04E0002B1BA /* Build configuration list for PBXNativeTarget "WiseBiteSwift WatchKit App" */ = {
			isa = XCConfigurationList;
			buildConfigurations = (
				192BDA8B1BF7D04E0002B1BA /* Debug */,
				192BDA8C1BF7D04E0002B1BA /* Release */,
			);
			defaultConfigurationIsVisible = 0;
			defaultConfigurationName = Release;
		};
		192BDA8E1BF7D04E0002B1BA /* Build configuration list for PBXNativeTarget "WiseBiteSwift" */ = {
			isa = XCConfigurationList;
			buildConfigurations = (
				192BDA8F1BF7D04E0002B1BA /* Debug */,
				192BDA901BF7D04E0002B1BA /* Release */,
			);
			defaultConfigurationIsVisible = 0;
			defaultConfigurationName = Release;
		};
/* End XCConfigurationList section */
	};
	rootObject = 192BDA4F1BF7D04D0002B1BA /* Project object */;
}
