// !$*UTF8*$!
{
	archiveVersion = 1;
	classes = {
	};
	objectVersion = 46;
	objects = {

/* Begin PBXBuildFile section */
		190F10301BF712380011D198 /* main.m in Sources */ = {isa = PBXBuildFile; fileRef = 190F102F1BF712380011D198 /* main.m */; };
		190F10331BF712380011D198 /* AppDelegate.m in Sources */ = {isa = PBXBuildFile; fileRef = 190F10321BF712380011D198 /* AppDelegate.m */; };
		190F10361BF712380011D198 /* ViewController.m in Sources */ = {isa = PBXBuildFile; fileRef = 190F10351BF712380011D198 /* ViewController.m */; };
		190F10391BF712380011D198 /* Main.storyboard in Resources */ = {isa = PBXBuildFile; fileRef = 190F10371BF712380011D198 /* Main.storyboard */; };
		190F103B1BF712380011D198 /* Assets.xcassets in Resources */ = {isa = PBXBuildFile; fileRef = 190F103A1BF712380011D198 /* Assets.xcassets */; };
		190F103E1BF712380011D198 /* LaunchScreen.storyboard in Resources */ = {isa = PBXBuildFile; fileRef = 190F103C1BF712380011D198 /* LaunchScreen.storyboard */; };
		190F10491BF712380011D198 /* WiseBiteTests.m in Sources */ = {isa = PBXBuildFile; fileRef = 190F10481BF712380011D198 /* WiseBiteTests.m */; };
		190F10541BF712380011D198 /* WiseBiteUITests.m in Sources */ = {isa = PBXBuildFile; fileRef = 190F10531BF712380011D198 /* WiseBiteUITests.m */; };
		190F10591BF712380011D198 /* WiseBite WatchKit App.app in Embed Watch Content */ = {isa = PBXBuildFile; fileRef = 190F10581BF712380011D198 /* WiseBite WatchKit App.app */; };
		190F105F1BF712380011D198 /* Interface.storyboard in Resources */ = {isa = PBXBuildFile; fileRef = 190F105D1BF712380011D198 /* Interface.storyboard */; };
		190F10611BF712380011D198 /* Assets.xcassets in Resources */ = {isa = PBXBuildFile; fileRef = 190F10601BF712380011D198 /* Assets.xcassets */; };
		190F10681BF712380011D198 /* WiseBite WatchKit Extension.appex in Embed App Extensions */ = {isa = PBXBuildFile; fileRef = 190F10671BF712380011D198 /* WiseBite WatchKit Extension.appex */; settings = {ATTRIBUTES = (RemoveHeadersOnCopy, ); }; };
		190F10701BF712380011D198 /* InterfaceController.m in Sources */ = {isa = PBXBuildFile; fileRef = 190F106F1BF712380011D198 /* InterfaceController.m */; };
		190F10731BF712380011D198 /* ExtensionDelegate.m in Sources */ = {isa = PBXBuildFile; fileRef = 190F10721BF712380011D198 /* ExtensionDelegate.m */; };
		190F10761BF712380011D198 /* NotificationController.m in Sources */ = {isa = PBXBuildFile; fileRef = 190F10751BF712380011D198 /* NotificationController.m */; };
		190F10781BF712380011D198 /* Assets.xcassets in Resources */ = {isa = PBXBuildFile; fileRef = 190F10771BF712380011D198 /* Assets.xcassets */; };
/* End PBXBuildFile section */

/* Begin PBXContainerItemProxy section */
		190F10451BF712380011D198 /* PBXContainerItemProxy */ = {
			isa = PBXContainerItemProxy;
			containerPortal = 190F10231BF712380011D198 /* Project object */;
			proxyType = 1;
			remoteGlobalIDString = 190F102A1BF712380011D198;
			remoteInfo = WiseBite;
		};
		190F10501BF712380011D198 /* PBXContainerItemProxy */ = {
			isa = PBXContainerItemProxy;
			containerPortal = 190F10231BF712380011D198 /* Project object */;
			proxyType = 1;
			remoteGlobalIDString = 190F102A1BF712380011D198;
			remoteInfo = WiseBite;
		};
		190F105A1BF712380011D198 /* PBXContainerItemProxy */ = {
			isa = PBXContainerItemProxy;
			containerPortal = 190F10231BF712380011D198 /* Project object */;
			proxyType = 1;
			remoteGlobalIDString = 190F10571BF712380011D198;
			remoteInfo = "WiseBite WatchKit App";
		};
		190F10691BF712380011D198 /* PBXContainerItemProxy */ = {
			isa = PBXContainerItemProxy;
			containerPortal = 190F10231BF712380011D198 /* Project object */;
			proxyType = 1;
			remoteGlobalIDString = 190F10661BF712380011D198;
			remoteInfo = "WiseBite WatchKit Extension";
		};
/* End PBXContainerItemProxy section */

/* Begin PBXCopyFilesBuildPhase section */
		190F107F1BF712380011D198 /* Embed App Extensions */ = {
			isa = PBXCopyFilesBuildPhase;
			buildActionMask = 2147483647;
			dstPath = "";
			dstSubfolderSpec = 13;
			files = (
				190F10681BF712380011D198 /* WiseBite WatchKit Extension.appex in Embed App Extensions */,
			);
			name = "Embed App Extensions";
			runOnlyForDeploymentPostprocessing = 0;
		};
		190F10831BF712380011D198 /* Embed Watch Content */ = {
			isa = PBXCopyFilesBuildPhase;
			buildActionMask = 2147483647;
			dstPath = "$(CONTENTS_FOLDER_PATH)/Watch";
			dstSubfolderSpec = 16;
			files = (
				190F10591BF712380011D198 /* WiseBite WatchKit App.app in Embed Watch Content */,
			);
			name = "Embed Watch Content";
			runOnlyForDeploymentPostprocessing = 0;
		};
/* End PBXCopyFilesBuildPhase section */

/* Begin PBXFileReference section */
		190F102B1BF712380011D198 /* WiseBite.app */ = {isa = PBXFileReference; explicitFileType = wrapper.application; includeInIndex = 0; path = WiseBite.app; sourceTree = BUILT_PRODUCTS_DIR; };
		190F102F1BF712380011D198 /* main.m */ = {isa = PBXFileReference; lastKnownFileType = sourcecode.c.objc; path = main.m; sourceTree = "<group>"; };
		190F10311BF712380011D198 /* AppDelegate.h */ = {isa = PBXFileReference; lastKnownFileType = sourcecode.c.h; path = AppDelegate.h; sourceTree = "<group>"; };
		190F10321BF712380011D198 /* AppDelegate.m */ = {isa = PBXFileReference; lastKnownFileType = sourcecode.c.objc; path = AppDelegate.m; sourceTree = "<group>"; };
		190F10341BF712380011D198 /* ViewController.h */ = {isa = PBXFileReference; lastKnownFileType = sourcecode.c.h; path = ViewController.h; sourceTree = "<group>"; };
		190F10351BF712380011D198 /* ViewController.m */ = {isa = PBXFileReference; lastKnownFileType = sourcecode.c.objc; path = ViewController.m; sourceTree = "<group>"; };
		190F10381BF712380011D198 /* Base */ = {isa = PBXFileReference; lastKnownFileType = file.storyboard; name = Base; path = Base.lproj/Main.storyboard; sourceTree = "<group>"; };
		190F103A1BF712380011D198 /* Assets.xcassets */ = {isa = PBXFileReference; lastKnownFileType = folder.assetcatalog; path = Assets.xcassets; sourceTree = "<group>"; };
		190F103D1BF712380011D198 /* Base */ = {isa = PBXFileReference; lastKnownFileType = file.storyboard; name = Base; path = Base.lproj/LaunchScreen.storyboard; sourceTree = "<group>"; };
		190F103F1BF712380011D198 /* Info.plist */ = {isa = PBXFileReference; lastKnownFileType = text.plist.xml; path = Info.plist; sourceTree = "<group>"; };
		190F10441BF712380011D198 /* WiseBiteTests.xctest */ = {isa = PBXFileReference; explicitFileType = wrapper.cfbundle; includeInIndex = 0; path = WiseBiteTests.xctest; sourceTree = BUILT_PRODUCTS_DIR; };
		190F10481BF712380011D198 /* WiseBiteTests.m */ = {isa = PBXFileReference; lastKnownFileType = sourcecode.c.objc; path = WiseBiteTests.m; sourceTree = "<group>"; };
		190F104A1BF712380011D198 /* Info.plist */ = {isa = PBXFileReference; lastKnownFileType = text.plist.xml; path = Info.plist; sourceTree = "<group>"; };
		190F104F1BF712380011D198 /* WiseBiteUITests.xctest */ = {isa = PBXFileReference; explicitFileType = wrapper.cfbundle; includeInIndex = 0; path = WiseBiteUITests.xctest; sourceTree = BUILT_PRODUCTS_DIR; };
		190F10531BF712380011D198 /* WiseBiteUITests.m */ = {isa = PBXFileReference; lastKnownFileType = sourcecode.c.objc; path = WiseBiteUITests.m; sourceTree = "<group>"; };
		190F10551BF712380011D198 /* Info.plist */ = {isa = PBXFileReference; lastKnownFileType = text.plist.xml; path = Info.plist; sourceTree = "<group>"; };
		190F10581BF712380011D198 /* WiseBite WatchKit App.app */ = {isa = PBXFileReference; explicitFileType = wrapper.application; includeInIndex = 0; path = "WiseBite WatchKit App.app"; sourceTree = BUILT_PRODUCTS_DIR; };
		190F105E1BF712380011D198 /* Base */ = {isa = PBXFileReference; lastKnownFileType = file.storyboard; name = Base; path = Base.lproj/Interface.storyboard; sourceTree = "<group>"; };
		190F10601BF712380011D198 /* Assets.xcassets */ = {isa = PBXFileReference; lastKnownFileType = folder.assetcatalog; path = Assets.xcassets; sourceTree = "<group>"; };
		190F10621BF712380011D198 /* Info.plist */ = {isa = PBXFileReference; lastKnownFileType = text.plist.xml; path = Info.plist; sourceTree = "<group>"; };
		190F10671BF712380011D198 /* WiseBite WatchKit Extension.appex */ = {isa = PBXFileReference; explicitFileType = "wrapper.app-extension"; includeInIndex = 0; path = "WiseBite WatchKit Extension.appex"; sourceTree = BUILT_PRODUCTS_DIR; };
		190F106D1BF712380011D198 /* PushNotificationPayload.apns */ = {isa = PBXFileReference; lastKnownFileType = text; path = PushNotificationPayload.apns; sourceTree = "<group>"; };
		190F106E1BF712380011D198 /* InterfaceController.h */ = {isa = PBXFileReference; lastKnownFileType = sourcecode.c.h; path = InterfaceController.h; sourceTree = "<group>"; };
		190F106F1BF712380011D198 /* InterfaceController.m */ = {isa = PBXFileReference; lastKnownFileType = sourcecode.c.objc; path = InterfaceController.m; sourceTree = "<group>"; };
		190F10711BF712380011D198 /* ExtensionDelegate.h */ = {isa = PBXFileReference; lastKnownFileType = sourcecode.c.h; path = ExtensionDelegate.h; sourceTree = "<group>"; };
		190F10721BF712380011D198 /* ExtensionDelegate.m */ = {isa = PBXFileReference; lastKnownFileType = sourcecode.c.objc; path = ExtensionDelegate.m; sourceTree = "<group>"; };
		190F10741BF712380011D198 /* NotificationController.h */ = {isa = PBXFileReference; lastKnownFileType = sourcecode.c.h; path = NotificationController.h; sourceTree = "<group>"; };
		190F10751BF712380011D198 /* NotificationController.m */ = {isa = PBXFileReference; lastKnownFileType = sourcecode.c.objc; path = NotificationController.m; sourceTree = "<group>"; };
		190F10771BF712380011D198 /* Assets.xcassets */ = {isa = PBXFileReference; lastKnownFileType = folder.assetcatalog; path = Assets.xcassets; sourceTree = "<group>"; };
		190F10791BF712380011D198 /* Info.plist */ = {isa = PBXFileReference; lastKnownFileType = text.plist.xml; path = Info.plist; sourceTree = "<group>"; };
/* End PBXFileReference section */

/* Begin PBXFrameworksBuildPhase section */
		190F10281BF712380011D198 /* Frameworks */ = {
			isa = PBXFrameworksBuildPhase;
			buildActionMask = 2147483647;
			files = (
			);
			runOnlyForDeploymentPostprocessing = 0;
		};
		190F10411BF712380011D198 /* Frameworks */ = {
			isa = PBXFrameworksBuildPhase;
			buildActionMask = 2147483647;
			files = (
			);
			runOnlyForDeploymentPostprocessing = 0;
		};
		190F104C1BF712380011D198 /* Frameworks */ = {
			isa = PBXFrameworksBuildPhase;
			buildActionMask = 2147483647;
			files = (
			);
			runOnlyForDeploymentPostprocessing = 0;
		};
		190F10641BF712380011D198 /* Frameworks */ = {
			isa = PBXFrameworksBuildPhase;
			buildActionMask = 2147483647;
			files = (
			);
			runOnlyForDeploymentPostprocessing = 0;
		};
/* End PBXFrameworksBuildPhase section */

/* Begin PBXGroup section */
		190F10221BF712380011D198 = {
			isa = PBXGroup;
			children = (
				190F102D1BF712380011D198 /* WiseBite */,
				190F10471BF712380011D198 /* WiseBiteTests */,
				190F10521BF712380011D198 /* WiseBiteUITests */,
				190F105C1BF712380011D198 /* WiseBite WatchKit App */,
				190F106B1BF712380011D198 /* WiseBite WatchKit Extension */,
				190F102C1BF712380011D198 /* Products */,
			);
			sourceTree = "<group>";
		};
		190F102C1BF712380011D198 /* Products */ = {
			isa = PBXGroup;
			children = (
				190F102B1BF712380011D198 /* WiseBite.app */,
				190F10441BF712380011D198 /* WiseBiteTests.xctest */,
				190F104F1BF712380011D198 /* WiseBiteUITests.xctest */,
				190F10581BF712380011D198 /* WiseBite WatchKit App.app */,
				190F10671BF712380011D198 /* WiseBite WatchKit Extension.appex */,
			);
			name = Products;
			sourceTree = "<group>";
		};
		190F102D1BF712380011D198 /* WiseBite */ = {
			isa = PBXGroup;
			children = (
				190F10311BF712380011D198 /* AppDelegate.h */,
				190F10321BF712380011D198 /* AppDelegate.m */,
				190F10341BF712380011D198 /* ViewController.h */,
				190F10351BF712380011D198 /* ViewController.m */,
				190F10371BF712380011D198 /* Main.storyboard */,
				190F103A1BF712380011D198 /* Assets.xcassets */,
				190F103C1BF712380011D198 /* LaunchScreen.storyboard */,
				190F103F1BF712380011D198 /* Info.plist */,
				190F102E1BF712380011D198 /* Supporting Files */,
			);
			path = WiseBite;
			sourceTree = "<group>";
		};
		190F102E1BF712380011D198 /* Supporting Files */ = {
			isa = PBXGroup;
			children = (
				190F102F1BF712380011D198 /* main.m */,
			);
			name = "Supporting Files";
			sourceTree = "<group>";
		};
		190F10471BF712380011D198 /* WiseBiteTests */ = {
			isa = PBXGroup;
			children = (
				190F10481BF712380011D198 /* WiseBiteTests.m */,
				190F104A1BF712380011D198 /* Info.plist */,
			);
			path = WiseBiteTests;
			sourceTree = "<group>";
		};
		190F10521BF712380011D198 /* WiseBiteUITests */ = {
			isa = PBXGroup;
			children = (
				190F10531BF712380011D198 /* WiseBiteUITests.m */,
				190F10551BF712380011D198 /* Info.plist */,
			);
			path = WiseBiteUITests;
			sourceTree = "<group>";
		};
		190F105C1BF712380011D198 /* WiseBite WatchKit App */ = {
			isa = PBXGroup;
			children = (
				190F105D1BF712380011D198 /* Interface.storyboard */,
				190F10601BF712380011D198 /* Assets.xcassets */,
				190F10621BF712380011D198 /* Info.plist */,
			);
			path = "WiseBite WatchKit App";
			sourceTree = "<group>";
		};
		190F106B1BF712380011D198 /* WiseBite WatchKit Extension */ = {
			isa = PBXGroup;
			children = (
				190F106E1BF712380011D198 /* InterfaceController.h */,
				190F106F1BF712380011D198 /* InterfaceController.m */,
				190F10711BF712380011D198 /* ExtensionDelegate.h */,
				190F10721BF712380011D198 /* ExtensionDelegate.m */,
				190F10741BF712380011D198 /* NotificationController.h */,
				190F10751BF712380011D198 /* NotificationController.m */,
				190F10771BF712380011D198 /* Assets.xcassets */,
				190F10791BF712380011D198 /* Info.plist */,
				190F106C1BF712380011D198 /* Supporting Files */,
			);
			path = "WiseBite WatchKit Extension";
			sourceTree = "<group>";
		};
		190F106C1BF712380011D198 /* Supporting Files */ = {
			isa = PBXGroup;
			children = (
				190F106D1BF712380011D198 /* PushNotificationPayload.apns */,
			);
			name = "Supporting Files";
			sourceTree = "<group>";
		};
/* End PBXGroup section */

/* Begin PBXNativeTarget section */
		190F102A1BF712380011D198 /* WiseBite */ = {
			isa = PBXNativeTarget;
			buildConfigurationList = 190F10841BF712380011D198 /* Build configuration list for PBXNativeTarget "WiseBite" */;
			buildPhases = (
				190F10271BF712380011D198 /* Sources */,
				190F10281BF712380011D198 /* Frameworks */,
				190F10291BF712380011D198 /* Resources */,
				190F10831BF712380011D198 /* Embed Watch Content */,
			);
			buildRules = (
			);
			dependencies = (
				190F105B1BF712380011D198 /* PBXTargetDependency */,
			);
			name = WiseBite;
			productName = WiseBite;
			productReference = 190F102B1BF712380011D198 /* WiseBite.app */;
			productType = "com.apple.product-type.application";
		};
		190F10431BF712380011D198 /* WiseBiteTests */ = {
			isa = PBXNativeTarget;
			buildConfigurationList = 190F10871BF712380011D198 /* Build configuration list for PBXNativeTarget "WiseBiteTests" */;
			buildPhases = (
				190F10401BF712380011D198 /* Sources */,
				190F10411BF712380011D198 /* Frameworks */,
				190F10421BF712380011D198 /* Resources */,
			);
			buildRules = (
			);
			dependencies = (
				190F10461BF712380011D198 /* PBXTargetDependency */,
			);
			name = WiseBiteTests;
			productName = WiseBiteTests;
			productReference = 190F10441BF712380011D198 /* WiseBiteTests.xctest */;
			productType = "com.apple.product-type.bundle.unit-test";
		};
		190F104E1BF712380011D198 /* WiseBiteUITests */ = {
			isa = PBXNativeTarget;
			buildConfigurationList = 190F108A1BF712380011D198 /* Build configuration list for PBXNativeTarget "WiseBiteUITests" */;
			buildPhases = (
				190F104B1BF712380011D198 /* Sources */,
				190F104C1BF712380011D198 /* Frameworks */,
				190F104D1BF712380011D198 /* Resources */,
			);
			buildRules = (
			);
			dependencies = (
				190F10511BF712380011D198 /* PBXTargetDependency */,
			);
			name = WiseBiteUITests;
			productName = WiseBiteUITests;
			productReference = 190F104F1BF712380011D198 /* WiseBiteUITests.xctest */;
			productType = "com.apple.product-type.bundle.ui-testing";
		};
		190F10571BF712380011D198 /* WiseBite WatchKit App */ = {
			isa = PBXNativeTarget;
			buildConfigurationList = 190F10801BF712380011D198 /* Build configuration list for PBXNativeTarget "WiseBite WatchKit App" */;
			buildPhases = (
				190F10561BF712380011D198 /* Resources */,
				190F107F1BF712380011D198 /* Embed App Extensions */,
			);
			buildRules = (
			);
			dependencies = (
				190F106A1BF712380011D198 /* PBXTargetDependency */,
			);
			name = "WiseBite WatchKit App";
			productName = "WiseBite WatchKit App";
			productReference = 190F10581BF712380011D198 /* WiseBite WatchKit App.app */;
			productType = "com.apple.product-type.application.watchapp2";
		};
		190F10661BF712380011D198 /* WiseBite WatchKit Extension */ = {
			isa = PBXNativeTarget;
			buildConfigurationList = 190F107C1BF712380011D198 /* Build configuration list for PBXNativeTarget "WiseBite WatchKit Extension" */;
			buildPhases = (
				190F10631BF712380011D198 /* Sources */,
				190F10641BF712380011D198 /* Frameworks */,
				190F10651BF712380011D198 /* Resources */,
			);
			buildRules = (
			);
			dependencies = (
			);
			name = "WiseBite WatchKit Extension";
			productName = "WiseBite WatchKit Extension";
			productReference = 190F10671BF712380011D198 /* WiseBite WatchKit Extension.appex */;
			productType = "com.apple.product-type.watchkit2-extension";
		};
/* End PBXNativeTarget section */

/* Begin PBXProject section */
		190F10231BF712380011D198 /* Project object */ = {
			isa = PBXProject;
			attributes = {
				LastUpgradeCheck = 0710;
				ORGANIZATIONNAME = USC;
				TargetAttributes = {
					190F102A1BF712380011D198 = {
						CreatedOnToolsVersion = 7.1.1;
						DevelopmentTeam = X66DCZDHRD;
					};
					190F10431BF712380011D198 = {
						CreatedOnToolsVersion = 7.1.1;
						DevelopmentTeam = X66DCZDHRD;
						TestTargetID = 190F102A1BF712380011D198;
					};
					190F104E1BF712380011D198 = {
						CreatedOnToolsVersion = 7.1.1;
						DevelopmentTeam = X66DCZDHRD;
						TestTargetID = 190F102A1BF712380011D198;
					};
					190F10571BF712380011D198 = {
						CreatedOnToolsVersion = 7.1.1;
						DevelopmentTeam = X66DCZDHRD;
					};
					190F10661BF712380011D198 = {
						CreatedOnToolsVersion = 7.1.1;
						DevelopmentTeam = X66DCZDHRD;
					};
				};
			};
			buildConfigurationList = 190F10261BF712380011D198 /* Build configuration list for PBXProject "WiseBite" */;
			compatibilityVersion = "Xcode 3.2";
			developmentRegion = English;
			hasScannedForEncodings = 0;
			knownRegions = (
				en,
				Base,
			);
			mainGroup = 190F10221BF712380011D198;
			productRefGroup = 190F102C1BF712380011D198 /* Products */;
			projectDirPath = "";
			projectRoot = "";
			targets = (
				190F102A1BF712380011D198 /* WiseBite */,
				190F10431BF712380011D198 /* WiseBiteTests */,
				190F104E1BF712380011D198 /* WiseBiteUITests */,
				190F10571BF712380011D198 /* WiseBite WatchKit App */,
				190F10661BF712380011D198 /* WiseBite WatchKit Extension */,
			);
		};
/* End PBXProject section */

/* Begin PBXResourcesBuildPhase section */
		190F10291BF712380011D198 /* Resources */ = {
			isa = PBXResourcesBuildPhase;
			buildActionMask = 2147483647;
			files = (
				190F103E1BF712380011D198 /* LaunchScreen.storyboard in Resources */,
				190F103B1BF712380011D198 /* Assets.xcassets in Resources */,
				190F10391BF712380011D198 /* Main.storyboard in Resources */,
			);
			runOnlyForDeploymentPostprocessing = 0;
		};
		190F10421BF712380011D198 /* Resources */ = {
			isa = PBXResourcesBuildPhase;
			buildActionMask = 2147483647;
			files = (
			);
			runOnlyForDeploymentPostprocessing = 0;
		};
		190F104D1BF712380011D198 /* Resources */ = {
			isa = PBXResourcesBuildPhase;
			buildActionMask = 2147483647;
			files = (
			);
			runOnlyForDeploymentPostprocessing = 0;
		};
		190F10561BF712380011D198 /* Resources */ = {
			isa = PBXResourcesBuildPhase;
			buildActionMask = 2147483647;
			files = (
				190F10611BF712380011D198 /* Assets.xcassets in Resources */,
				190F105F1BF712380011D198 /* Interface.storyboard in Resources */,
			);
			runOnlyForDeploymentPostprocessing = 0;
		};
		190F10651BF712380011D198 /* Resources */ = {
			isa = PBXResourcesBuildPhase;
			buildActionMask = 2147483647;
			files = (
				190F10781BF712380011D198 /* Assets.xcassets in Resources */,
			);
			runOnlyForDeploymentPostprocessing = 0;
		};
/* End PBXResourcesBuildPhase section */

/* Begin PBXSourcesBuildPhase section */
		190F10271BF712380011D198 /* Sources */ = {
			isa = PBXSourcesBuildPhase;
			buildActionMask = 2147483647;
			files = (
				190F10361BF712380011D198 /* ViewController.m in Sources */,
				190F10331BF712380011D198 /* AppDelegate.m in Sources */,
				190F10301BF712380011D198 /* main.m in Sources */,
			);
			runOnlyForDeploymentPostprocessing = 0;
		};
		190F10401BF712380011D198 /* Sources */ = {
			isa = PBXSourcesBuildPhase;
			buildActionMask = 2147483647;
			files = (
				190F10491BF712380011D198 /* WiseBiteTests.m in Sources */,
			);
			runOnlyForDeploymentPostprocessing = 0;
		};
		190F104B1BF712380011D198 /* Sources */ = {
			isa = PBXSourcesBuildPhase;
			buildActionMask = 2147483647;
			files = (
				190F10541BF712380011D198 /* WiseBiteUITests.m in Sources */,
			);
			runOnlyForDeploymentPostprocessing = 0;
		};
		190F10631BF712380011D198 /* Sources */ = {
			isa = PBXSourcesBuildPhase;
			buildActionMask = 2147483647;
			files = (
				190F10731BF712380011D198 /* ExtensionDelegate.m in Sources */,
				190F10701BF712380011D198 /* InterfaceController.m in Sources */,
				190F10761BF712380011D198 /* NotificationController.m in Sources */,
			);
			runOnlyForDeploymentPostprocessing = 0;
		};
/* End PBXSourcesBuildPhase section */

/* Begin PBXTargetDependency section */
		190F10461BF712380011D198 /* PBXTargetDependency */ = {
			isa = PBXTargetDependency;
			target = 190F102A1BF712380011D198 /* WiseBite */;
			targetProxy = 190F10451BF712380011D198 /* PBXContainerItemProxy */;
		};
		190F10511BF712380011D198 /* PBXTargetDependency */ = {
			isa = PBXTargetDependency;
			target = 190F102A1BF712380011D198 /* WiseBite */;
			targetProxy = 190F10501BF712380011D198 /* PBXContainerItemProxy */;
		};
		190F105B1BF712380011D198 /* PBXTargetDependency */ = {
			isa = PBXTargetDependency;
			target = 190F10571BF712380011D198 /* WiseBite WatchKit App */;
			targetProxy = 190F105A1BF712380011D198 /* PBXContainerItemProxy */;
		};
		190F106A1BF712380011D198 /* PBXTargetDependency */ = {
			isa = PBXTargetDependency;
			target = 190F10661BF712380011D198 /* WiseBite WatchKit Extension */;
			targetProxy = 190F10691BF712380011D198 /* PBXContainerItemProxy */;
		};
/* End PBXTargetDependency section */

/* Begin PBXVariantGroup section */
		190F10371BF712380011D198 /* Main.storyboard */ = {
			isa = PBXVariantGroup;
			children = (
				190F10381BF712380011D198 /* Base */,
			);
			name = Main.storyboard;
			sourceTree = "<group>";
		};
		190F103C1BF712380011D198 /* LaunchScreen.storyboard */ = {
			isa = PBXVariantGroup;
			children = (
				190F103D1BF712380011D198 /* Base */,
			);
			name = LaunchScreen.storyboard;
			sourceTree = "<group>";
		};
		190F105D1BF712380011D198 /* Interface.storyboard */ = {
			isa = PBXVariantGroup;
			children = (
				190F105E1BF712380011D198 /* Base */,
			);
			name = Interface.storyboard;
			sourceTree = "<group>";
		};
/* End PBXVariantGroup section */

/* Begin XCBuildConfiguration section */
		190F107A1BF712380011D198 /* Debug */ = {
			isa = XCBuildConfiguration;
			buildSettings = {
				ALWAYS_SEARCH_USER_PATHS = NO;
				CLANG_CXX_LANGUAGE_STANDARD = "gnu++0x";
				CLANG_CXX_LIBRARY = "libc++";
				CLANG_ENABLE_MODULES = YES;
				CLANG_ENABLE_OBJC_ARC = YES;
				CLANG_WARN_BOOL_CONVERSION = YES;
				CLANG_WARN_CONSTANT_CONVERSION = YES;
				CLANG_WARN_DIRECT_OBJC_ISA_USAGE = YES_ERROR;
				CLANG_WARN_EMPTY_BODY = YES;
				CLANG_WARN_ENUM_CONVERSION = YES;
				CLANG_WARN_INT_CONVERSION = YES;
				CLANG_WARN_OBJC_ROOT_CLASS = YES_ERROR;
				CLANG_WARN_UNREACHABLE_CODE = YES;
				CLANG_WARN__DUPLICATE_METHOD_MATCH = YES;
				"CODE_SIGN_IDENTITY[sdk=iphoneos*]" = "iPhone Developer";
				COPY_PHASE_STRIP = NO;
				DEBUG_INFORMATION_FORMAT = dwarf;
				ENABLE_STRICT_OBJC_MSGSEND = YES;
				ENABLE_TESTABILITY = YES;
				GCC_C_LANGUAGE_STANDARD = gnu99;
				GCC_DYNAMIC_NO_PIC = NO;
				GCC_NO_COMMON_BLOCKS = YES;
				GCC_OPTIMIZATION_LEVEL = 0;
				GCC_PREPROCESSOR_DEFINITIONS = (
					"DEBUG=1",
					"$(inherited)",
				);
				GCC_WARN_64_TO_32_BIT_CONVERSION = YES;
				GCC_WARN_ABOUT_RETURN_TYPE = YES_ERROR;
				GCC_WARN_UNDECLARED_SELECTOR = YES;
				GCC_WARN_UNINITIALIZED_AUTOS = YES_AGGRESSIVE;
				GCC_WARN_UNUSED_FUNCTION = YES;
				GCC_WARN_UNUSED_VARIABLE = YES;
				IPHONEOS_DEPLOYMENT_TARGET = 9.1;
				MTL_ENABLE_DEBUG_INFO = YES;
				ONLY_ACTIVE_ARCH = YES;
				SDKROOT = iphoneos;
			};
			name = Debug;
		};
		190F107B1BF712380011D198 /* Release */ = {
			isa = XCBuildConfiguration;
			buildSettings = {
				ALWAYS_SEARCH_USER_PATHS = NO;
				CLANG_CXX_LANGUAGE_STANDARD = "gnu++0x";
				CLANG_CXX_LIBRARY = "libc++";
				CLANG_ENABLE_MODULES = YES;
				CLANG_ENABLE_OBJC_ARC = YES;
				CLANG_WARN_BOOL_CONVERSION = YES;
				CLANG_WARN_CONSTANT_CONVERSION = YES;
				CLANG_WARN_DIRECT_OBJC_ISA_USAGE = YES_ERROR;
				CLANG_WARN_EMPTY_BODY = YES;
				CLANG_WARN_ENUM_CONVERSION = YES;
				CLANG_WARN_INT_CONVERSION = YES;
				CLANG_WARN_OBJC_ROOT_CLASS = YES_ERROR;
				CLANG_WARN_UNREACHABLE_CODE = YES;
				CLANG_WARN__DUPLICATE_METHOD_MATCH = YES;
				"CODE_SIGN_IDENTITY[sdk=iphoneos*]" = "iPhone Developer";
				COPY_PHASE_STRIP = NO;
				DEBUG_INFORMATION_FORMAT = "dwarf-with-dsym";
				ENABLE_NS_ASSERTIONS = NO;
				ENABLE_STRICT_OBJC_MSGSEND = YES;
				GCC_C_LANGUAGE_STANDARD = gnu99;
				GCC_NO_COMMON_BLOCKS = YES;
				GCC_WARN_64_TO_32_BIT_CONVERSION = YES;
				GCC_WARN_ABOUT_RETURN_TYPE = YES_ERROR;
				GCC_WARN_UNDECLARED_SELECTOR = YES;
				GCC_WARN_UNINITIALIZED_AUTOS = YES_AGGRESSIVE;
				GCC_WARN_UNUSED_FUNCTION = YES;
				GCC_WARN_UNUSED_VARIABLE = YES;
				IPHONEOS_DEPLOYMENT_TARGET = 9.1;
				MTL_ENABLE_DEBUG_INFO = NO;
				SDKROOT = iphoneos;
				VALIDATE_PRODUCT = YES;
			};
			name = Release;
		};
		190F107D1BF712380011D198 /* Debug */ = {
			isa = XCBuildConfiguration;
			buildSettings = {
				INFOPLIST_FILE = "WiseBite WatchKit Extension/Info.plist";
				LD_RUNPATH_SEARCH_PATHS = "$(inherited) @executable_path/Frameworks @executable_path/../../Frameworks";
				PRODUCT_BUNDLE_IDENTIFIER = usc.hacksc.WiseBite.watchkitapp.watchkitextension;
				PRODUCT_NAME = "${TARGET_NAME}";
				SDKROOT = watchos;
				SKIP_INSTALL = YES;
				TARGETED_DEVICE_FAMILY = 4;
				WATCHOS_DEPLOYMENT_TARGET = 2.0;
			};
			name = Debug;
		};
		190F107E1BF712380011D198 /* Release */ = {
			isa = XCBuildConfiguration;
			buildSettings = {
				INFOPLIST_FILE = "WiseBite WatchKit Extension/Info.plist";
				LD_RUNPATH_SEARCH_PATHS = "$(inherited) @executable_path/Frameworks @executable_path/../../Frameworks";
				PRODUCT_BUNDLE_IDENTIFIER = usc.hacksc.WiseBite.watchkitapp.watchkitextension;
				PRODUCT_NAME = "${TARGET_NAME}";
				SDKROOT = watchos;
				SKIP_INSTALL = YES;
				TARGETED_DEVICE_FAMILY = 4;
				WATCHOS_DEPLOYMENT_TARGET = 2.0;
			};
			name = Release;
		};
		190F10811BF712380011D198 /* Debug */ = {
			isa = XCBuildConfiguration;
			buildSettings = {
				ASSETCATALOG_COMPILER_APPICON_NAME = AppIcon;
				IBSC_MODULE = WiseBite_WatchKit_Extension;
				INFOPLIST_FILE = "WiseBite WatchKit App/Info.plist";
				PRODUCT_BUNDLE_IDENTIFIER = usc.hacksc.WiseBite.watchkitapp;
				PRODUCT_NAME = "$(TARGET_NAME)";
				SDKROOT = watchos;
				SKIP_INSTALL = YES;
				TARGETED_DEVICE_FAMILY = 4;
				WATCHOS_DEPLOYMENT_TARGET = 2.0;
			};
			name = Debug;
		};
		190F10821BF712380011D198 /* Release */ = {
			isa = XCBuildConfiguration;
			buildSettings = {
				ASSETCATALOG_COMPILER_APPICON_NAME = AppIcon;
				IBSC_MODULE = WiseBite_WatchKit_Extension;
				INFOPLIST_FILE = "WiseBite WatchKit App/Info.plist";
				PRODUCT_BUNDLE_IDENTIFIER = usc.hacksc.WiseBite.watchkitapp;
				PRODUCT_NAME = "$(TARGET_NAME)";
				SDKROOT = watchos;
				SKIP_INSTALL = YES;
				TARGETED_DEVICE_FAMILY = 4;
				WATCHOS_DEPLOYMENT_TARGET = 2.0;
			};
			name = Release;
		};
		190F10851BF712380011D198 /* Debug */ = {
			isa = XCBuildConfiguration;
			buildSettings = {
				ASSETCATALOG_COMPILER_APPICON_NAME = AppIcon;
				FRAMEWORK_SEARCH_PATHS = (
					"$(inherited)",
					"$(PROJECT_DIR)/Framework",
				);
				INFOPLIST_FILE = WiseBite/Info.plist;
				LD_RUNPATH_SEARCH_PATHS = "$(inherited) @executable_path/Frameworks";
				PRODUCT_BUNDLE_IDENTIFIER = usc.hacksc.WiseBite;
				PRODUCT_NAME = "$(TARGET_NAME)";
			};
			name = Debug;
		};
		190F10861BF712380011D198 /* Release */ = {
			isa = XCBuildConfiguration;
			buildSettings = {
				ASSETCATALOG_COMPILER_APPICON_NAME = AppIcon;
				FRAMEWORK_SEARCH_PATHS = (
					"$(inherited)",
					"$(PROJECT_DIR)/Framework",
				);
				INFOPLIST_FILE = WiseBite/Info.plist;
				LD_RUNPATH_SEARCH_PATHS = "$(inherited) @executable_path/Frameworks";
				PRODUCT_BUNDLE_IDENTIFIER = usc.hacksc.WiseBite;
				PRODUCT_NAME = "$(TARGET_NAME)";
			};
			name = Release;
		};
		190F10881BF712380011D198 /* Debug */ = {
			isa = XCBuildConfiguration;
			buildSettings = {
				BUNDLE_LOADER = "$(TEST_HOST)";
				INFOPLIST_FILE = WiseBiteTests/Info.plist;
				LD_RUNPATH_SEARCH_PATHS = "$(inherited) @executable_path/Frameworks @loader_path/Frameworks";
				PRODUCT_BUNDLE_IDENTIFIER = usc.hacksc.WiseBiteTests;
				PRODUCT_NAME = "$(TARGET_NAME)";
				TEST_HOST = "$(BUILT_PRODUCTS_DIR)/WiseBite.app/WiseBite";
			};
			name = Debug;
		};
		190F10891BF712380011D198 /* Release */ = {
			isa = XCBuildConfiguration;
			buildSettings = {
				BUNDLE_LOADER = "$(TEST_HOST)";
				INFOPLIST_FILE = WiseBiteTests/Info.plist;
				LD_RUNPATH_SEARCH_PATHS = "$(inherited) @executable_path/Frameworks @loader_path/Frameworks";
				PRODUCT_BUNDLE_IDENTIFIER = usc.hacksc.WiseBiteTests;
				PRODUCT_NAME = "$(TARGET_NAME)";
				TEST_HOST = "$(BUILT_PRODUCTS_DIR)/WiseBite.app/WiseBite";
			};
			name = Release;
		};
		190F108B1BF712380011D198 /* Debug */ = {
			isa = XCBuildConfiguration;
			buildSettings = {
				INFOPLIST_FILE = WiseBiteUITests/Info.plist;
				LD_RUNPATH_SEARCH_PATHS = "$(inherited) @executable_path/Frameworks @loader_path/Frameworks";
				PRODUCT_BUNDLE_IDENTIFIER = usc.hacksc.WiseBiteUITests;
				PRODUCT_NAME = "$(TARGET_NAME)";
				TEST_TARGET_NAME = WiseBite;
				USES_XCTRUNNER = YES;
			};
			name = Debug;
		};
		190F108C1BF712380011D198 /* Release */ = {
			isa = XCBuildConfiguration;
			buildSettings = {
				INFOPLIST_FILE = WiseBiteUITests/Info.plist;
				LD_RUNPATH_SEARCH_PATHS = "$(inherited) @executable_path/Frameworks @loader_path/Frameworks";
				PRODUCT_BUNDLE_IDENTIFIER = usc.hacksc.WiseBiteUITests;
				PRODUCT_NAME = "$(TARGET_NAME)";
				TEST_TARGET_NAME = WiseBite;
				USES_XCTRUNNER = YES;
			};
			name = Release;
		};
/* End XCBuildConfiguration section */

/* Begin XCConfigurationList section */
		190F10261BF712380011D198 /* Build configuration list for PBXProject "WiseBite" */ = {
			isa = XCConfigurationList;
			buildConfigurations = (
				190F107A1BF712380011D198 /* Debug */,
				190F107B1BF712380011D198 /* Release */,
			);
			defaultConfigurationIsVisible = 0;
			defaultConfigurationName = Release;
		};
		190F107C1BF712380011D198 /* Build configuration list for PBXNativeTarget "WiseBite WatchKit Extension" */ = {
			isa = XCConfigurationList;
			buildConfigurations = (
				190F107D1BF712380011D198 /* Debug */,
				190F107E1BF712380011D198 /* Release */,
			);
			defaultConfigurationIsVisible = 0;
			defaultConfigurationName = Release;
		};
		190F10801BF712380011D198 /* Build configuration list for PBXNativeTarget "WiseBite WatchKit App" */ = {
			isa = XCConfigurationList;
			buildConfigurations = (
				190F10811BF712380011D198 /* Debug */,
				190F10821BF712380011D198 /* Release */,
			);
			defaultConfigurationIsVisible = 0;
			defaultConfigurationName = Release;
		};
		190F10841BF712380011D198 /* Build configuration list for PBXNativeTarget "WiseBite" */ = {
			isa = XCConfigurationList;
			buildConfigurations = (
				190F10851BF712380011D198 /* Debug */,
				190F10861BF712380011D198 /* Release */,
			);
			defaultConfigurationIsVisible = 0;
			defaultConfigurationName = Release;
		};
		190F10871BF712380011D198 /* Build configuration list for PBXNativeTarget "WiseBiteTests" */ = {
			isa = XCConfigurationList;
			buildConfigurations = (
				190F10881BF712380011D198 /* Debug */,
				190F10891BF712380011D198 /* Release */,
			);
			defaultConfigurationIsVisible = 0;
			defaultConfigurationName = Release;
		};
		190F108A1BF712380011D198 /* Build configuration list for PBXNativeTarget "WiseBiteUITests" */ = {
			isa = XCConfigurationList;
			buildConfigurations = (
				190F108B1BF712380011D198 /* Debug */,
				190F108C1BF712380011D198 /* Release */,
			);
			defaultConfigurationIsVisible = 0;
			defaultConfigurationName = Release;
		};
/* End XCConfigurationList section */
	};
	rootObject = 190F10231BF712380011D198 /* Project object */;
}
